
Microsoft Visual Studio Solution File, Format Version 12.00
# Visual Studio Version 17
VisualStudioVersion = 17.14.36414.22
MinimumVisualStudioVersion = 10.0.40219.1
Project("{FAE04EC0-301F-11D3-BF4B-00C04F79EFBC}") = "lab2-signup-bluntcd", "lab2-signmeup-bluntcd\lab2-signup-bluntcd.csproj", "{929126F7-AF64-46ED-AC32-72EA9208823F}"
EndProject
Global
	GlobalSection(SolutionConfigurationPlatforms) = preSolution
		Debug|Any CPU = Debug|Any CPU
		Release|Any CPU = Release|Any CPU
	EndGlobalSection
	GlobalSection(ProjectConfigurationPlatforms) = postSolution
		{929126F7-AF64-46ED-AC32-72EA9208823F}.Debug|Any CPU.ActiveCfg = Debug|Any CPU
		{929126F7-AF64-46ED-AC32-72EA9208823F}.Debug|Any CPU.Build.0 = Debug|Any CPU
		{929126F7-AF64-46ED-AC32-72EA9208823F}.Release|Any CPU.ActiveCfg = Release|Any CPU
		{929126F7-AF64-46ED-AC32-72EA9208823F}.Release|Any CPU.Build.0 = Release|Any CPU
	EndGlobalSection
	GlobalSection(SolutionProperties) = preSolution
		HideSolutionNode = FALSE
	EndGlobalSection
	GlobalSection(ExtensibilityGlobals) = postSolution
		SolutionGuid = {91DBAC23-6402-4495-97A6-FDBAB17B125E}
	EndGlobalSection
EndGlobal
